// !$*UTF8*$!
{
	archiveVersion = 1;
	classes = {
	};
	objectVersion = 46;
	objects = {

/* Begin PBXBuildFile section */
		7326A3B247610BDC90B2865B /* libPods-Feyddy高德地图大全.a in Frameworks */ = {isa = PBXBuildFile; fileRef = C1560960F23960392B865988 /* libPods-Feyddy高德地图大全.a */; };
		B035E5EA1E1DFBCC00990740 /* View.xib in Resources */ = {isa = PBXBuildFile; fileRef = B035E5E91E1DFBCC00990740 /* View.xib */; };
		B08B67781E1BAB99004A4A02 /* main.m in Sources */ = {isa = PBXBuildFile; fileRef = B08B67771E1BAB99004A4A02 /* main.m */; };
		B08B677B1E1BAB99004A4A02 /* AppDelegate.m in Sources */ = {isa = PBXBuildFile; fileRef = B08B677A1E1BAB99004A4A02 /* AppDelegate.m */; };
		B08B677E1E1BAB99004A4A02 /* ViewController.m in Sources */ = {isa = PBXBuildFile; fileRef = B08B677D1E1BAB99004A4A02 /* ViewController.m */; };
		B08B67811E1BAB99004A4A02 /* Main.storyboard in Resources */ = {isa = PBXBuildFile; fileRef = B08B677F1E1BAB99004A4A02 /* Main.storyboard */; };
		B08B67831E1BAB99004A4A02 /* Assets.xcassets in Resources */ = {isa = PBXBuildFile; fileRef = B08B67821E1BAB99004A4A02 /* Assets.xcassets */; };
		B08B67861E1BAB99004A4A02 /* LaunchScreen.storyboard in Resources */ = {isa = PBXBuildFile; fileRef = B08B67841E1BAB99004A4A02 /* LaunchScreen.storyboard */; };
		B08B67911E1BAB99004A4A02 /* Feyddy______Tests.m in Sources */ = {isa = PBXBuildFile; fileRef = B08B67901E1BAB99004A4A02 /* Feyddy______Tests.m */; };
		B08B679C1E1BAB99004A4A02 /* Feyddy______UITests.m in Sources */ = {isa = PBXBuildFile; fileRef = B08B679B1E1BAB99004A4A02 /* Feyddy______UITests.m */; };
		F8676B961E1F5D590069A742 /* FDAnnotationView.m in Sources */ = {isa = PBXBuildFile; fileRef = F8676B911E1F5D590069A742 /* FDAnnotationView.m */; };
		F8676B971E1F5D590069A742 /* FDCalloutView.m in Sources */ = {isa = PBXBuildFile; fileRef = F8676B931E1F5D590069A742 /* FDCalloutView.m */; };
		F8676B981E1F5D590069A742 /* FDMapViewController.m in Sources */ = {isa = PBXBuildFile; fileRef = F8676B951E1F5D590069A742 /* FDMapViewController.m */; };
		F8676B9B1E1F5DD30069A742 /* FDGetMapDataViewController.m in Sources */ = {isa = PBXBuildFile; fileRef = F8676B9A1E1F5DD30069A742 /* FDGetMapDataViewController.m */; };
		F8676B9D1E1F5ED80069A742 /* AMapSearchKit.framework in Frameworks */ = {isa = PBXBuildFile; fileRef = F8676B9C1E1F5ED80069A742 /* AMapSearchKit.framework */; };
		F8676B9F1E1F5F3F0069A742 /* AMapFoundationKit.framework in Frameworks */ = {isa = PBXBuildFile; fileRef = F8676B9E1E1F5F3F0069A742 /* AMapFoundationKit.framework */; };
		F8F6A9231E1E915900174587 /* CoreLocation.framework in Frameworks */ = {isa = PBXBuildFile; fileRef = F8F6A9221E1E915900174587 /* CoreLocation.framework */; };
/* End PBXBuildFile section */

/* Begin PBXContainerItemProxy section */
		B08B678D1E1BAB99004A4A02 /* PBXContainerItemProxy */ = {
			isa = PBXContainerItemProxy;
			containerPortal = B08B676B1E1BAB99004A4A02 /* Project object */;
			proxyType = 1;
			remoteGlobalIDString = B08B67721E1BAB99004A4A02;
			remoteInfo = "Feyddy高德地图大全";
		};
		B08B67981E1BAB99004A4A02 /* PBXContainerItemProxy */ = {
			isa = PBXContainerItemProxy;
			containerPortal = B08B676B1E1BAB99004A4A02 /* Project object */;
			proxyType = 1;
			remoteGlobalIDString = B08B67721E1BAB99004A4A02;
			remoteInfo = "Feyddy高德地图大全";
		};
/* End PBXContainerItemProxy section */

/* Begin PBXFileReference section */
		543280F88EDB2AFFD8EBA5DE /* Pods-Feyddy高德地图大全.debug.xcconfig */ = {isa = PBXFileReference; includeInIndex = 1; lastKnownFileType = text.xcconfig; name = "Pods-Feyddy高德地图大全.debug.xcconfig"; path = "Pods/Target Support Files/Pods-Feyddy高德地图大全/Pods-Feyddy高德地图大全.debug.xcconfig"; sourceTree = "<group>"; };
		6D815830C8E3AD7BB1F86EB9 /* Pods-Feyddy高德地图大全.release.xcconfig */ = {isa = PBXFileReference; includeInIndex = 1; lastKnownFileType = text.xcconfig; name = "Pods-Feyddy高德地图大全.release.xcconfig"; path = "Pods/Target Support Files/Pods-Feyddy高德地图大全/Pods-Feyddy高德地图大全.release.xcconfig"; sourceTree = "<group>"; };
		B035E5E81E1DFB4D00990740 /* FDPrefix.pch */ = {isa = PBXFileReference; lastKnownFileType = sourcecode.c.h; path = FDPrefix.pch; sourceTree = "<group>"; };
		B035E5E91E1DFBCC00990740 /* View.xib */ = {isa = PBXFileReference; fileEncoding = 4; lastKnownFileType = file.xib; path = View.xib; sourceTree = "<group>"; };
		B08B67731E1BAB99004A4A02 /* Feyddy高德地图大全.app */ = {isa = PBXFileReference; explicitFileType = wrapper.application; includeInIndex = 0; path = "Feyddy高德地图大全.app"; sourceTree = BUILT_PRODUCTS_DIR; };
		B08B67771E1BAB99004A4A02 /* main.m */ = {isa = PBXFileReference; lastKnownFileType = sourcecode.c.objc; path = main.m; sourceTree = "<group>"; };
		B08B67791E1BAB99004A4A02 /* AppDelegate.h */ = {isa = PBXFileReference; lastKnownFileType = sourcecode.c.h; path = AppDelegate.h; sourceTree = "<group>"; };
		B08B677A1E1BAB99004A4A02 /* AppDelegate.m */ = {isa = PBXFileReference; lastKnownFileType = sourcecode.c.objc; path = AppDelegate.m; sourceTree = "<group>"; };
		B08B677C1E1BAB99004A4A02 /* ViewController.h */ = {isa = PBXFileReference; lastKnownFileType = sourcecode.c.h; path = ViewController.h; sourceTree = "<group>"; };
		B08B677D1E1BAB99004A4A02 /* ViewController.m */ = {isa = PBXFileReference; lastKnownFileType = sourcecode.c.objc; path = ViewController.m; sourceTree = "<group>"; };
		B08B67801E1BAB99004A4A02 /* Base */ = {isa = PBXFileReference; lastKnownFileType = file.storyboard; name = Base; path = Base.lproj/Main.storyboard; sourceTree = "<group>"; };
		B08B67821E1BAB99004A4A02 /* Assets.xcassets */ = {isa = PBXFileReference; lastKnownFileType = folder.assetcatalog; path = Assets.xcassets; sourceTree = "<group>"; };
		B08B67851E1BAB99004A4A02 /* Base */ = {isa = PBXFileReference; lastKnownFileType = file.storyboard; name = Base; path = Base.lproj/LaunchScreen.storyboard; sourceTree = "<group>"; };
		B08B67871E1BAB99004A4A02 /* Info.plist */ = {isa = PBXFileReference; lastKnownFileType = text.plist.xml; path = Info.plist; sourceTree = "<group>"; };
		B08B678C1E1BAB99004A4A02 /* Feyddy高德地图大全Tests.xctest */ = {isa = PBXFileReference; explicitFileType = wrapper.cfbundle; includeInIndex = 0; path = "Feyddy高德地图大全Tests.xctest"; sourceTree = BUILT_PRODUCTS_DIR; };
		B08B67901E1BAB99004A4A02 /* Feyddy______Tests.m */ = {isa = PBXFileReference; lastKnownFileType = sourcecode.c.objc; path = "Feyddy______Tests.m"; sourceTree = "<group>"; };
		B08B67921E1BAB99004A4A02 /* Info.plist */ = {isa = PBXFileReference; lastKnownFileType = text.plist.xml; path = Info.plist; sourceTree = "<group>"; };
		B08B67971E1BAB99004A4A02 /* Feyddy高德地图大全UITests.xctest */ = {isa = PBXFileReference; explicitFileType = wrapper.cfbundle; includeInIndex = 0; path = "Feyddy高德地图大全UITests.xctest"; sourceTree = BUILT_PRODUCTS_DIR; };
		B08B679B1E1BAB99004A4A02 /* Feyddy______UITests.m */ = {isa = PBXFileReference; lastKnownFileType = sourcecode.c.objc; path = "Feyddy______UITests.m"; sourceTree = "<group>"; };
		B08B679D1E1BAB99004A4A02 /* Info.plist */ = {isa = PBXFileReference; lastKnownFileType = text.plist.xml; path = Info.plist; sourceTree = "<group>"; };
		C1560960F23960392B865988 /* libPods-Feyddy高德地图大全.a */ = {isa = PBXFileReference; explicitFileType = archive.ar; includeInIndex = 0; path = "libPods-Feyddy高德地图大全.a"; sourceTree = BUILT_PRODUCTS_DIR; };
		F8676B901E1F5D590069A742 /* FDAnnotationView.h */ = {isa = PBXFileReference; fileEncoding = 4; lastKnownFileType = sourcecode.c.h; path = FDAnnotationView.h; sourceTree = "<group>"; };
		F8676B911E1F5D590069A742 /* FDAnnotationView.m */ = {isa = PBXFileReference; fileEncoding = 4; lastKnownFileType = sourcecode.c.objc; path = FDAnnotationView.m; sourceTree = "<group>"; };
		F8676B921E1F5D590069A742 /* FDCalloutView.h */ = {isa = PBXFileReference; fileEncoding = 4; lastKnownFileType = sourcecode.c.h; path = FDCalloutView.h; sourceTree = "<group>"; };
		F8676B931E1F5D590069A742 /* FDCalloutView.m */ = {isa = PBXFileReference; fileEncoding = 4; lastKnownFileType = sourcecode.c.objc; path = FDCalloutView.m; sourceTree = "<group>"; };
		F8676B941E1F5D590069A742 /* FDMapViewController.h */ = {isa = PBXFileReference; fileEncoding = 4; lastKnownFileType = sourcecode.c.h; path = FDMapViewController.h; sourceTree = "<group>"; };
		F8676B951E1F5D590069A742 /* FDMapViewController.m */ = {isa = PBXFileReference; fileEncoding = 4; lastKnownFileType = sourcecode.c.objc; path = FDMapViewController.m; sourceTree = "<group>"; };
		F8676B991E1F5DD30069A742 /* FDGetMapDataViewController.h */ = {isa = PBXFileReference; fileEncoding = 4; lastKnownFileType = sourcecode.c.h; path = FDGetMapDataViewController.h; sourceTree = "<group>"; };
		F8676B9A1E1F5DD30069A742 /* FDGetMapDataViewController.m */ = {isa = PBXFileReference; fileEncoding = 4; lastKnownFileType = sourcecode.c.objc; path = FDGetMapDataViewController.m; sourceTree = "<group>"; };
		F8676B9C1E1F5ED80069A742 /* AMapSearchKit.framework */ = {isa = PBXFileReference; lastKnownFileType = wrapper.framework; path = AMapSearchKit.framework; sourceTree = "<group>"; };
		F8676B9E1E1F5F3F0069A742 /* AMapFoundationKit.framework */ = {isa = PBXFileReference; lastKnownFileType = wrapper.framework; path = AMapFoundationKit.framework; sourceTree = "<group>"; };
		F8F6A9221E1E915900174587 /* CoreLocation.framework */ = {isa = PBXFileReference; lastKnownFileType = wrapper.framework; name = CoreLocation.framework; path = System/Library/Frameworks/CoreLocation.framework; sourceTree = SDKROOT; };
/* End PBXFileReference section */

/* Begin PBXFrameworksBuildPhase section */
		B08B67701E1BAB99004A4A02 /* Frameworks */ = {
			isa = PBXFrameworksBuildPhase;
			buildActionMask = 2147483647;
			files = (
				F8F6A9231E1E915900174587 /* CoreLocation.framework in Frameworks */,
				F8676B9F1E1F5F3F0069A742 /* AMapFoundationKit.framework in Frameworks */,
				7326A3B247610BDC90B2865B /* libPods-Feyddy高德地图大全.a in Frameworks */,
				F8676B9D1E1F5ED80069A742 /* AMapSearchKit.framework in Frameworks */,
			);
			runOnlyForDeploymentPostprocessing = 0;
		};
		B08B67891E1BAB99004A4A02 /* Frameworks */ = {
			isa = PBXFrameworksBuildPhase;
			buildActionMask = 2147483647;
			files = (
			);
			runOnlyForDeploymentPostprocessing = 0;
		};
		B08B67941E1BAB99004A4A02 /* Frameworks */ = {
			isa = PBXFrameworksBuildPhase;
			buildActionMask = 2147483647;
			files = (
			);
			runOnlyForDeploymentPostprocessing = 0;
		};
/* End PBXFrameworksBuildPhase section */

/* Begin PBXGroup section */
		77B94E401C779A4406ACC59A /* Frameworks */ = {
			isa = PBXGroup;
			children = (
				F8F6A9221E1E915900174587 /* CoreLocation.framework */,
				C1560960F23960392B865988 /* libPods-Feyddy高德地图大全.a */,
			);
			name = Frameworks;
			sourceTree = "<group>";
		};
		B08B676A1E1BAB99004A4A02 = {
			isa = PBXGroup;
			children = (
				B08B67751E1BAB99004A4A02 /* Feyddy高德地图大全 */,
				B08B678F1E1BAB99004A4A02 /* Feyddy高德地图大全Tests */,
				B08B679A1E1BAB99004A4A02 /* Feyddy高德地图大全UITests */,
				B08B67741E1BAB99004A4A02 /* Products */,
				FE8D0CCFCDC30255991E8723 /* Pods */,
				77B94E401C779A4406ACC59A /* Frameworks */,
			);
			sourceTree = "<group>";
		};
		B08B67741E1BAB99004A4A02 /* Products */ = {
			isa = PBXGroup;
			children = (
				B08B67731E1BAB99004A4A02 /* Feyddy高德地图大全.app */,
				B08B678C1E1BAB99004A4A02 /* Feyddy高德地图大全Tests.xctest */,
				B08B67971E1BAB99004A4A02 /* Feyddy高德地图大全UITests.xctest */,
			);
			name = Products;
			sourceTree = "<group>";
		};
		B08B67751E1BAB99004A4A02 /* Feyddy高德地图大全 */ = {
			isa = PBXGroup;
			children = (
				B08B67791E1BAB99004A4A02 /* AppDelegate.h */,
				B08B677A1E1BAB99004A4A02 /* AppDelegate.m */,
				B08B677C1E1BAB99004A4A02 /* ViewController.h */,
				B08B677D1E1BAB99004A4A02 /* ViewController.m */,
				B035E5E91E1DFBCC00990740 /* View.xib */,
				B08B677F1E1BAB99004A4A02 /* Main.storyboard */,
				F8676B8E1E1F5D590069A742 /* getMapData */,
				F8676B8F1E1F5D590069A742 /* Map */,
				B08B67821E1BAB99004A4A02 /* Assets.xcassets */,
				B08B67841E1BAB99004A4A02 /* LaunchScreen.storyboard */,
				B08B67871E1BAB99004A4A02 /* Info.plist */,
				B08B67761E1BAB99004A4A02 /* Supporting Files */,
			);
			path = "Feyddy高德地图大全";
			sourceTree = "<group>";
		};
		B08B67761E1BAB99004A4A02 /* Supporting Files */ = {
			isa = PBXGroup;
			children = (
				B08B67771E1BAB99004A4A02 /* main.m */,
				B035E5E81E1DFB4D00990740 /* FDPrefix.pch */,
			);
			name = "Supporting Files";
			sourceTree = "<group>";
		};
		B08B678F1E1BAB99004A4A02 /* Feyddy高德地图大全Tests */ = {
			isa = PBXGroup;
			children = (
				B08B67901E1BAB99004A4A02 /* Feyddy______Tests.m */,
				B08B67921E1BAB99004A4A02 /* Info.plist */,
			);
			path = "Feyddy高德地图大全Tests";
			sourceTree = "<group>";
		};
		B08B679A1E1BAB99004A4A02 /* Feyddy高德地图大全UITests */ = {
			isa = PBXGroup;
			children = (
				B08B679B1E1BAB99004A4A02 /* Feyddy______UITests.m */,
				B08B679D1E1BAB99004A4A02 /* Info.plist */,
			);
			path = "Feyddy高德地图大全UITests";
			sourceTree = "<group>";
		};
		F8676B8E1E1F5D590069A742 /* getMapData */ = {
			isa = PBXGroup;
			children = (
				F8676B9E1E1F5F3F0069A742 /* AMapFoundationKit.framework */,
				F8676B9C1E1F5ED80069A742 /* AMapSearchKit.framework */,
				F8676B991E1F5DD30069A742 /* FDGetMapDataViewController.h */,
				F8676B9A1E1F5DD30069A742 /* FDGetMapDataViewController.m */,
			);
			path = getMapData;
			sourceTree = "<group>";
		};
		F8676B8F1E1F5D590069A742 /* Map */ = {
			isa = PBXGroup;
			children = (
				F8676B901E1F5D590069A742 /* FDAnnotationView.h */,
				F8676B911E1F5D590069A742 /* FDAnnotationView.m */,
				F8676B921E1F5D590069A742 /* FDCalloutView.h */,
				F8676B931E1F5D590069A742 /* FDCalloutView.m */,
				F8676B941E1F5D590069A742 /* FDMapViewController.h */,
				F8676B951E1F5D590069A742 /* FDMapViewController.m */,
			);
			path = Map;
			sourceTree = "<group>";
		};
		FE8D0CCFCDC30255991E8723 /* Pods */ = {
			isa = PBXGroup;
			children = (
				543280F88EDB2AFFD8EBA5DE /* Pods-Feyddy高德地图大全.debug.xcconfig */,
				6D815830C8E3AD7BB1F86EB9 /* Pods-Feyddy高德地图大全.release.xcconfig */,
			);
			name = Pods;
			sourceTree = "<group>";
		};
/* End PBXGroup section */

/* Begin PBXNativeTarget section */
		B08B67721E1BAB99004A4A02 /* Feyddy高德地图大全 */ = {
			isa = PBXNativeTarget;
			buildConfigurationList = B08B67A01E1BAB99004A4A02 /* Build configuration list for PBXNativeTarget "Feyddy高德地图大全" */;
			buildPhases = (
				68CEFC5FAA9E3A9E4F3848EB /* [CP] Check Pods Manifest.lock */,
				B08B676F1E1BAB99004A4A02 /* Sources */,
				B08B67701E1BAB99004A4A02 /* Frameworks */,
				B08B67711E1BAB99004A4A02 /* Resources */,
				006DD6CE8A06CEDCCBDE76A9 /* [CP] Embed Pods Frameworks */,
				ECC78FEDD1B38521B1E63B50 /* [CP] Copy Pods Resources */,
			);
			buildRules = (
			);
			dependencies = (
			);
			name = "Feyddy高德地图大全";
			productName = "Feyddy高德地图大全";
			productReference = B08B67731E1BAB99004A4A02 /* Feyddy高德地图大全.app */;
			productType = "com.apple.product-type.application";
		};
		B08B678B1E1BAB99004A4A02 /* Feyddy高德地图大全Tests */ = {
			isa = PBXNativeTarget;
			buildConfigurationList = B08B67A31E1BAB99004A4A02 /* Build configuration list for PBXNativeTarget "Feyddy高德地图大全Tests" */;
			buildPhases = (
				B08B67881E1BAB99004A4A02 /* Sources */,
				B08B67891E1BAB99004A4A02 /* Frameworks */,
				B08B678A1E1BAB99004A4A02 /* Resources */,
			);
			buildRules = (
			);
			dependencies = (
				B08B678E1E1BAB99004A4A02 /* PBXTargetDependency */,
			);
			name = "Feyddy高德地图大全Tests";
			productName = "Feyddy高德地图大全Tests";
			productReference = B08B678C1E1BAB99004A4A02 /* Feyddy高德地图大全Tests.xctest */;
			productType = "com.apple.product-type.bundle.unit-test";
		};
		B08B67961E1BAB99004A4A02 /* Feyddy高德地图大全UITests */ = {
			isa = PBXNativeTarget;
			buildConfigurationList = B08B67A61E1BAB99004A4A02 /* Build configuration list for PBXNativeTarget "Feyddy高德地图大全UITests" */;
			buildPhases = (
				B08B67931E1BAB99004A4A02 /* Sources */,
				B08B67941E1BAB99004A4A02 /* Frameworks */,
				B08B67951E1BAB99004A4A02 /* Resources */,
			);
			buildRules = (
			);
			dependencies = (
				B08B67991E1BAB99004A4A02 /* PBXTargetDependency */,
			);
			name = "Feyddy高德地图大全UITests";
			productName = "Feyddy高德地图大全UITests";
			productReference = B08B67971E1BAB99004A4A02 /* Feyddy高德地图大全UITests.xctest */;
			productType = "com.apple.product-type.bundle.ui-testing";
		};
/* End PBXNativeTarget section */

/* Begin PBXProject section */
		B08B676B1E1BAB99004A4A02 /* Project object */ = {
			isa = PBXProject;
			attributes = {
				CLASSPREFIX = FD;
				LastUpgradeCheck = 0720;
				ORGANIZATIONNAME = feyddy;
				TargetAttributes = {
					B08B67721E1BAB99004A4A02 = {
						CreatedOnToolsVersion = 7.2;
						DevelopmentTeam = 57EU58357H;
					};
					B08B678B1E1BAB99004A4A02 = {
						CreatedOnToolsVersion = 7.2;
						TestTargetID = B08B67721E1BAB99004A4A02;
					};
					B08B67961E1BAB99004A4A02 = {
						CreatedOnToolsVersion = 7.2;
						TestTargetID = B08B67721E1BAB99004A4A02;
					};
				};
			};
			buildConfigurationList = B08B676E1E1BAB99004A4A02 /* Build configuration list for PBXProject "Feyddy高德地图大全" */;
			compatibilityVersion = "Xcode 3.2";
			developmentRegion = English;
			hasScannedForEncodings = 0;
			knownRegions = (
				en,
				Base,
			);
			mainGroup = B08B676A1E1BAB99004A4A02;
			productRefGroup = B08B67741E1BAB99004A4A02 /* Products */;
			projectDirPath = "";
			projectRoot = "";
			targets = (
				B08B67721E1BAB99004A4A02 /* Feyddy高德地图大全 */,
				B08B678B1E1BAB99004A4A02 /* Feyddy高德地图大全Tests */,
				B08B67961E1BAB99004A4A02 /* Feyddy高德地图大全UITests */,
			);
		};
/* End PBXProject section */

/* Begin PBXResourcesBuildPhase section */
		B08B67711E1BAB99004A4A02 /* Resources */ = {
			isa = PBXResourcesBuildPhase;
			buildActionMask = 2147483647;
			files = (
				B035E5EA1E1DFBCC00990740 /* View.xib in Resources */,
				B08B67861E1BAB99004A4A02 /* LaunchScreen.storyboard in Resources */,
				B08B67831E1BAB99004A4A02 /* Assets.xcassets in Resources */,
				B08B67811E1BAB99004A4A02 /* Main.storyboard in Resources */,
			);
			runOnlyForDeploymentPostprocessing = 0;
		};
		B08B678A1E1BAB99004A4A02 /* Resources */ = {
			isa = PBXResourcesBuildPhase;
			buildActionMask = 2147483647;
			files = (
			);
			runOnlyForDeploymentPostprocessing = 0;
		};
		B08B67951E1BAB99004A4A02 /* Resources */ = {
			isa = PBXResourcesBuildPhase;
			buildActionMask = 2147483647;
			files = (
			);
			runOnlyForDeploymentPostprocessing = 0;
		};
/* End PBXResourcesBuildPhase section */

/* Begin PBXShellScriptBuildPhase section */
		006DD6CE8A06CEDCCBDE76A9 /* [CP] Embed Pods Frameworks */ = {
			isa = PBXShellScriptBuildPhase;
			buildActionMask = 2147483647;
			files = (
			);
			inputPaths = (
			);
			name = "[CP] Embed Pods Frameworks";
			outputPaths = (
			);
			runOnlyForDeploymentPostprocessing = 0;
			shellPath = /bin/sh;
			shellScript = "\"${SRCROOT}/Pods/Target Support Files/Pods-Feyddy高德地图大全/Pods-Feyddy高德地图大全-frameworks.sh\"\n";
			showEnvVarsInLog = 0;
		};
		68CEFC5FAA9E3A9E4F3848EB /* [CP] Check Pods Manifest.lock */ = {
			isa = PBXShellScriptBuildPhase;
			buildActionMask = 2147483647;
			files = (
			);
			inputPaths = (
			);
			name = "[CP] Check Pods Manifest.lock";
			outputPaths = (
			);
			runOnlyForDeploymentPostprocessing = 0;
			shellPath = /bin/sh;
			shellScript = "diff \"${PODS_ROOT}/../Podfile.lock\" \"${PODS_ROOT}/Manifest.lock\" > /dev/null\nif [[ $? != 0 ]] ; then\n    cat << EOM\nerror: The sandbox is not in sync with the Podfile.lock. Run 'pod install' or update your CocoaPods installation.\nEOM\n    exit 1\nfi\n";
			showEnvVarsInLog = 0;
		};
		ECC78FEDD1B38521B1E63B50 /* [CP] Copy Pods Resources */ = {
			isa = PBXShellScriptBuildPhase;
			buildActionMask = 2147483647;
			files = (
			);
			inputPaths = (
			);
			name = "[CP] Copy Pods Resources";
			outputPaths = (
			);
			runOnlyForDeploymentPostprocessing = 0;
			shellPath = /bin/sh;
			shellScript = "\"${SRCROOT}/Pods/Target Support Files/Pods-Feyddy高德地图大全/Pods-Feyddy高德地图大全-resources.sh\"\n";
			showEnvVarsInLog = 0;
		};
/* End PBXShellScriptBuildPhase section */

/* Begin PBXSourcesBuildPhase section */
		B08B676F1E1BAB99004A4A02 /* Sources */ = {
			isa = PBXSourcesBuildPhase;
			buildActionMask = 2147483647;
			files = (
				B08B677E1E1BAB99004A4A02 /* ViewController.m in Sources */,
				F8676B981E1F5D590069A742 /* FDMapViewController.m in Sources */,
				F8676B961E1F5D590069A742 /* FDAnnotationView.m in Sources */,
				B08B677B1E1BAB99004A4A02 /* AppDelegate.m in Sources */,
				F8676B971E1F5D590069A742 /* FDCalloutView.m in Sources */,
				F8676B9B1E1F5DD30069A742 /* FDGetMapDataViewController.m in Sources */,
				B08B67781E1BAB99004A4A02 /* main.m in Sources */,
			);
			runOnlyForDeploymentPostprocessing = 0;
		};
		B08B67881E1BAB99004A4A02 /* Sources */ = {
			isa = PBXSourcesBuildPhase;
			buildActionMask = 2147483647;
			files = (
				B08B67911E1BAB99004A4A02 /* Feyddy______Tests.m in Sources */,
			);
			runOnlyForDeploymentPostprocessing = 0;
		};
		B08B67931E1BAB99004A4A02 /* Sources */ = {
			isa = PBXSourcesBuildPhase;
			buildActionMask = 2147483647;
			files = (
				B08B679C1E1BAB99004A4A02 /* Feyddy______UITests.m in Sources */,
			);
			runOnlyForDeploymentPostprocessing = 0;
		};
/* End PBXSourcesBuildPhase section */

/* Begin PBXTargetDependency section */
		B08B678E1E1BAB99004A4A02 /* PBXTargetDependency */ = {
			isa = PBXTargetDependency;
			target = B08B67721E1BAB99004A4A02 /* Feyddy高德地图大全 */;
			targetProxy = B08B678D1E1BAB99004A4A02 /* PBXContainerItemProxy */;
		};
		B08B67991E1BAB99004A4A02 /* PBXTargetDependency */ = {
			isa = PBXTargetDependency;
			target = B08B67721E1BAB99004A4A02 /* Feyddy高德地图大全 */;
			targetProxy = B08B67981E1BAB99004A4A02 /* PBXContainerItemProxy */;
		};
/* End PBXTargetDependency section */

/* Begin PBXVariantGroup section */
		B08B677F1E1BAB99004A4A02 /* Main.storyboard */ = {
			isa = PBXVariantGroup;
			children = (
				B08B67801E1BAB99004A4A02 /* Base */,
			);
			name = Main.storyboard;
			sourceTree = "<group>";
		};
		B08B67841E1BAB99004A4A02 /* LaunchScreen.storyboard */ = {
			isa = PBXVariantGroup;
			children = (
				B08B67851E1BAB99004A4A02 /* Base */,
			);
			name = LaunchScreen.storyboard;
			sourceTree = "<group>";
		};
/* End PBXVariantGroup section */

/* Begin XCBuildConfiguration section */
		B08B679E1E1BAB99004A4A02 /* Debug */ = {
			isa = XCBuildConfiguration;
			buildSettings = {
				ALWAYS_SEARCH_USER_PATHS = NO;
				CLANG_CXX_LANGUAGE_STANDARD = "gnu++0x";
				CLANG_CXX_LIBRARY = "libc++";
				CLANG_ENABLE_MODULES = YES;
				CLANG_ENABLE_OBJC_ARC = YES;
				CLANG_WARN_BOOL_CONVERSION = YES;
				CLANG_WARN_CONSTANT_CONVERSION = YES;
				CLANG_WARN_DIRECT_OBJC_ISA_USAGE = YES_ERROR;
				CLANG_WARN_EMPTY_BODY = YES;
				CLANG_WARN_ENUM_CONVERSION = YES;
				CLANG_WARN_INT_CONVERSION = YES;
				CLANG_WARN_OBJC_ROOT_CLASS = YES_ERROR;
				CLANG_WARN_UNREACHABLE_CODE = YES;
				CLANG_WARN__DUPLICATE_METHOD_MATCH = YES;
				CODE_SIGN_IDENTITY = "iPhone Developer";
				"CODE_SIGN_IDENTITY[sdk=iphoneos*]" = "iPhone Developer";
				COPY_PHASE_STRIP = NO;
				DEBUG_INFORMATION_FORMAT = dwarf;
				ENABLE_STRICT_OBJC_MSGSEND = YES;
				ENABLE_TESTABILITY = YES;
				GCC_C_LANGUAGE_STANDARD = gnu99;
				GCC_DYNAMIC_NO_PIC = NO;
				GCC_NO_COMMON_BLOCKS = YES;
				GCC_OPTIMIZATION_LEVEL = 0;
				GCC_PREPROCESSOR_DEFINITIONS = (
					"DEBUG=1",
					"$(inherited)",
				);
				GCC_WARN_64_TO_32_BIT_CONVERSION = YES;
				GCC_WARN_ABOUT_RETURN_TYPE = YES_ERROR;
				GCC_WARN_UNDECLARED_SELECTOR = YES;
				GCC_WARN_UNINITIALIZED_AUTOS = YES_AGGRESSIVE;
				GCC_WARN_UNUSED_FUNCTION = YES;
				GCC_WARN_UNUSED_VARIABLE = YES;
				IPHONEOS_DEPLOYMENT_TARGET = 9.2;
				MTL_ENABLE_DEBUG_INFO = YES;
				ONLY_ACTIVE_ARCH = YES;
				SDKROOT = iphoneos;
			};
			name = Debug;
		};
		B08B679F1E1BAB99004A4A02 /* Release */ = {
			isa = XCBuildConfiguration;
			buildSettings = {
				ALWAYS_SEARCH_USER_PATHS = NO;
				CLANG_CXX_LANGUAGE_STANDARD = "gnu++0x";
				CLANG_CXX_LIBRARY = "libc++";
				CLANG_ENABLE_MODULES = YES;
				CLANG_ENABLE_OBJC_ARC = YES;
				CLANG_WARN_BOOL_CONVERSION = YES;
				CLANG_WARN_CONSTANT_CONVERSION = YES;
				CLANG_WARN_DIRECT_OBJC_ISA_USAGE = YES_ERROR;
				CLANG_WARN_EMPTY_BODY = YES;
				CLANG_WARN_ENUM_CONVERSION = YES;
				CLANG_WARN_INT_CONVERSION = YES;
				CLANG_WARN_OBJC_ROOT_CLASS = YES_ERROR;
				CLANG_WARN_UNREACHABLE_CODE = YES;
				CLANG_WARN__DUPLICATE_METHOD_MATCH = YES;
				CODE_SIGN_IDENTITY = "iPhone Developer";
				"CODE_SIGN_IDENTITY[sdk=iphoneos*]" = "iPhone Developer";
				COPY_PHASE_STRIP = NO;
				DEBUG_INFORMATION_FORMAT = "dwarf-with-dsym";
				ENABLE_NS_ASSERTIONS = NO;
				ENABLE_STRICT_OBJC_MSGSEND = YES;
				GCC_C_LANGUAGE_STANDARD = gnu99;
				GCC_NO_COMMON_BLOCKS = YES;
				GCC_WARN_64_TO_32_BIT_CONVERSION = YES;
				GCC_WARN_ABOUT_RETURN_TYPE = YES_ERROR;
				GCC_WARN_UNDECLARED_SELECTOR = YES;
				GCC_WARN_UNINITIALIZED_AUTOS = YES_AGGRESSIVE;
				GCC_WARN_UNUSED_FUNCTION = YES;
				GCC_WARN_UNUSED_VARIABLE = YES;
				IPHONEOS_DEPLOYMENT_TARGET = 9.2;
				MTL_ENABLE_DEBUG_INFO = NO;
				SDKROOT = iphoneos;
				VALIDATE_PRODUCT = YES;
			};
			name = Release;
		};
		B08B67A11E1BAB99004A4A02 /* Debug */ = {
			isa = XCBuildConfiguration;
			baseConfigurationReference = 543280F88EDB2AFFD8EBA5DE /* Pods-Feyddy高德地图大全.debug.xcconfig */;
			buildSettings = {
				ASSETCATALOG_COMPILER_APPICON_NAME = AppIcon;
				CODE_SIGN_IDENTITY = "iPhone Developer";
				FRAMEWORK_SEARCH_PATHS = (
					"$(inherited)",
					"$(PROJECT_DIR)/Feyddy高德地图大全/getMapData",
				);
				GCC_PREFIX_HEADER = "Feyddy高德地图大全/FDPrefix.pch";
				INFOPLIST_FILE = "Feyddy高德地图大全/Info.plist";
				LD_RUNPATH_SEARCH_PATHS = "$(inherited) @executable_path/Frameworks";
				PRODUCT_BUNDLE_IDENTIFIER = feyddy.Feyddy;
				PRODUCT_NAME = "$(TARGET_NAME)";
			};
			name = Debug;
		};
		B08B67A21E1BAB99004A4A02 /* Release */ = {
			isa = XCBuildConfiguration;
			baseConfigurationReference = 6D815830C8E3AD7BB1F86EB9 /* Pods-Feyddy高德地图大全.release.xcconfig */;
			buildSettings = {
				ASSETCATALOG_COMPILER_APPICON_NAME = AppIcon;
				CODE_SIGN_IDENTITY = "iPhone Developer";
				FRAMEWORK_SEARCH_PATHS = (
					"$(inherited)",
					"$(PROJECT_DIR)/Feyddy高德地图大全/getMapData",
				);
				GCC_PREFIX_HEADER = "Feyddy高德地图大全/FDPrefix.pch";
				INFOPLIST_FILE = "Feyddy高德地图大全/Info.plist";
				LD_RUNPATH_SEARCH_PATHS = "$(inherited) @executable_path/Frameworks";
				PRODUCT_BUNDLE_IDENTIFIER = feyddy.Feyddy;
				PRODUCT_NAME = "$(TARGET_NAME)";
			};
			name = Release;
		};
		B08B67A41E1BAB99004A4A02 /* Debug */ = {
			isa = XCBuildConfiguration;
			buildSettings = {
				BUNDLE_LOADER = "$(TEST_HOST)";
				INFOPLIST_FILE = "Feyddy高德地图大全Tests/Info.plist";
				LD_RUNPATH_SEARCH_PATHS = "$(inherited) @executable_path/Frameworks @loader_path/Frameworks";
				PRODUCT_BUNDLE_IDENTIFIER = "feyddy.Feyddy------Tests";
				PRODUCT_NAME = "$(TARGET_NAME)";
				TEST_HOST = "$(BUILT_PRODUCTS_DIR)/Feyddy高德地图大全.app/Feyddy高德地图大全";
			};
			name = Debug;
		};
		B08B67A51E1BAB99004A4A02 /* Release */ = {
			isa = XCBuildConfiguration;
			buildSettings = {
				BUNDLE_LOADER = "$(TEST_HOST)";
				INFOPLIST_FILE = "Feyddy高德地图大全Tests/Info.plist";
				LD_RUNPATH_SEARCH_PATHS = "$(inherited) @executable_path/Frameworks @loader_path/Frameworks";
				PRODUCT_BUNDLE_IDENTIFIER = "feyddy.Feyddy------Tests";
				PRODUCT_NAME = "$(TARGET_NAME)";
				TEST_HOST = "$(BUILT_PRODUCTS_DIR)/Feyddy高德地图大全.app/Feyddy高德地图大全";
			};
			name = Release;
		};
		B08B67A71E1BAB99004A4A02 /* Debug */ = {
			isa = XCBuildConfiguration;
			buildSettings = {
				INFOPLIST_FILE = "Feyddy高德地图大全UITests/Info.plist";
				LD_RUNPATH_SEARCH_PATHS = "$(inherited) @executable_path/Frameworks @loader_path/Frameworks";
				PRODUCT_BUNDLE_IDENTIFIER = "feyddy.Feyddy------UITests";
				PRODUCT_NAME = "$(TARGET_NAME)";
				TEST_TARGET_NAME = "Feyddy高德地图大全";
				USES_XCTRUNNER = YES;
			};
			name = Debug;
		};
		B08B67A81E1BAB99004A4A02 /* Release */ = {
			isa = XCBuildConfiguration;
			buildSettings = {
				INFOPLIST_FILE = "Feyddy高德地图大全UITests/Info.plist";
				LD_RUNPATH_SEARCH_PATHS = "$(inherited) @executable_path/Frameworks @loader_path/Frameworks";
				PRODUCT_BUNDLE_IDENTIFIER = "feyddy.Feyddy------UITests";
				PRODUCT_NAME = "$(TARGET_NAME)";
				TEST_TARGET_NAME = "Feyddy高德地图大全";
				USES_XCTRUNNER = YES;
			};
			name = Release;
		};
/* End XCBuildConfiguration section */

/* Begin XCConfigurationList section */
		B08B676E1E1BAB99004A4A02 /* Build configuration list for PBXProject "Feyddy高德地图大全" */ = {
			isa = XCConfigurationList;
			buildConfigurations = (
				B08B679E1E1BAB99004A4A02 /* Debug */,
				B08B679F1E1BAB99004A4A02 /* Release */,
			);
			defaultConfigurationIsVisible = 0;
			defaultConfigurationName = Release;
		};
		B08B67A01E1BAB99004A4A02 /* Build configuration list for PBXNativeTarget "Feyddy高德地图大全" */ = {
			isa = XCConfigurationList;
			buildConfigurations = (
				B08B67A11E1BAB99004A4A02 /* Debug */,
				B08B67A21E1BAB99004A4A02 /* Release */,
			);
			defaultConfigurationIsVisible = 0;
			defaultConfigurationName = Release;
		};
		B08B67A31E1BAB99004A4A02 /* Build configuration list for PBXNativeTarget "Feyddy高德地图大全Tests" */ = {
			isa = XCConfigurationList;
			buildConfigurations = (
				B08B67A41E1BAB99004A4A02 /* Debug */,
				B08B67A51E1BAB99004A4A02 /* Release */,
			);
			defaultConfigurationIsVisible = 0;
			defaultConfigurationName = Release;
		};
		B08B67A61E1BAB99004A4A02 /* Build configuration list for PBXNativeTarget "Feyddy高德地图大全UITests" */ = {
			isa = XCConfigurationList;
			buildConfigurations = (
				B08B67A71E1BAB99004A4A02 /* Debug */,
				B08B67A81E1BAB99004A4A02 /* Release */,
			);
			defaultConfigurationIsVisible = 0;
			defaultConfigurationName = Release;
		};
/* End XCConfigurationList section */
	};
	rootObject = B08B676B1E1BAB99004A4A02 /* Project object */;
}
